github.com/gxed/go-shellwords v1.0.3 h1:2TP32H4TAklZUdz84oj95BJhVnIrRasyx2j1cqH5K38=
github.com/gxed/go-shellwords v1.0.3/go.mod h1:N7paucT91ByIjmVJHhvoarjoQnmsi3Jd3vH7VqgtMxQ=
github.com/pkg/errors v0.8.1 h1:iURUrRGxPUNPdy5/HRSm+Yj6okJ6UtLINN0Q9M4+h3I=
github.com/pkg/errors v0.8.1/go.mod h1:bwawxfHBFNV+L2hUp1rHADufV3IMtnDRdf1r5NINEl0=
github.com/urfave/cli v1.20.0 h1:fDqGv3UG/4jbVl/QkFwEdddtEDjh/5Ov6X+0B/3bPaw=
github.com/urfave/cli v1.20.0/go.mod h1:70zkFmudgCuE/ngEzBv17Jvp/497gISqfk5gWijbERA=
